// !$*UTF8*$!
{
	archiveVersion = 1;
	classes = {
	};
	objectVersion = 46;
	objects = {

/* Begin PBXBuildFile section */
		5C15FF741CAAE9C900B7E0CD /* AppDelegate.swift in Sources */ = {isa = PBXBuildFile; fileRef = 5C15FF721CAAE9C900B7E0CD /* AppDelegate.swift */; };
		5C15FF781CAAE9DD00B7E0CD /* ImageCollectionItem.swift in Sources */ = {isa = PBXBuildFile; fileRef = 5C15FF761CAAE9DD00B7E0CD /* ImageCollectionItem.swift */; };
		5C15FF791CAAE9DD00B7E0CD /* ImageTableItem.swift in Sources */ = {isa = PBXBuildFile; fileRef = 5C15FF771CAAE9DD00B7E0CD /* ImageTableItem.swift */; };
		5C15FF7C1CAAE9E900B7E0CD /* ImageCollectionCell.swift in Sources */ = {isa = PBXBuildFile; fileRef = 5C15FF7A1CAAE9E900B7E0CD /* ImageCollectionCell.swift */; };
		5C15FF7D1CAAE9E900B7E0CD /* ImageTableViewCell.swift in Sources */ = {isa = PBXBuildFile; fileRef = 5C15FF7B1CAAE9E900B7E0CD /* ImageTableViewCell.swift */; };
		5C15FF841CAAE9F700B7E0CD /* BaseCollectionViewController.swift in Sources */ = {isa = PBXBuildFile; fileRef = 5C15FF7E1CAAE9F700B7E0CD /* BaseCollectionViewController.swift */; };
		5C15FF851CAAE9F700B7E0CD /* ContentPreviewCollectionViewController.swift in Sources */ = {isa = PBXBuildFile; fileRef = 5C15FF7F1CAAE9F700B7E0CD /* ContentPreviewCollectionViewController.swift */; };
		5C15FF861CAAE9F700B7E0CD /* DemoViewController.swift in Sources */ = {isa = PBXBuildFile; fileRef = 5C15FF801CAAE9F700B7E0CD /* DemoViewController.swift */; };
		5C15FF871CAAE9F700B7E0CD /* ImageEditorController.swift in Sources */ = {isa = PBXBuildFile; fileRef = 5C15FF811CAAE9F700B7E0CD /* ImageEditorController.swift */; };
		5C15FF881CAAE9F700B7E0CD /* ImageTableViewController.swift in Sources */ = {isa = PBXBuildFile; fileRef = 5C15FF821CAAE9F700B7E0CD /* ImageTableViewController.swift */; };
		5C15FF891CAAE9F700B7E0CD /* OnScreenCollectionViewController.swift in Sources */ = {isa = PBXBuildFile; fileRef = 5C15FF831CAAE9F700B7E0CD /* OnScreenCollectionViewController.swift */; };
		5C15FF8E1CAAEA0400B7E0CD /* PeekPanCoordinator.swift in Sources */ = {isa = PBXBuildFile; fileRef = 5C15FF8B1CAAEA0400B7E0CD /* PeekPanCoordinator.swift */; };
		5C15FF8F1CAAEA0400B7E0CD /* PeekPanGestureRecognizer.swift in Sources */ = {isa = PBXBuildFile; fileRef = 5C15FF8C1CAAEA0400B7E0CD /* PeekPanGestureRecognizer.swift */; };
		5C15FF901CAAEA0400B7E0CD /* PeekPanViewController.swift in Sources */ = {isa = PBXBuildFile; fileRef = 5C15FF8D1CAAEA0400B7E0CD /* PeekPanViewController.swift */; };
		5C15FF951CAAEA1600B7E0CD /* Assets.xcassets in Resources */ = {isa = PBXBuildFile; fileRef = 5C15FF911CAAEA1600B7E0CD /* Assets.xcassets */; };
		5C15FF9B1CAAEBFC00B7E0CD /* Main.storyboard in Resources */ = {isa = PBXBuildFile; fileRef = 5C15FF971CAAEAB300B7E0CD /* Main.storyboard */; };
/* End PBXBuildFile section */

/* Begin PBXFileReference section */
		5C15FF721CAAE9C900B7E0CD /* AppDelegate.swift */ = {isa = PBXFileReference; fileEncoding = 4; lastKnownFileType = sourcecode.swift; name = AppDelegate.swift; path = PeekPan/Demo/AppDelegate.swift; sourceTree = SOURCE_ROOT; };
		5C15FF731CAAE9C900B7E0CD /* Info.plist */ = {isa = PBXFileReference; fileEncoding = 4; lastKnownFileType = text.plist.xml; name = Info.plist; path = PeekPan/Demo/Info.plist; sourceTree = SOURCE_ROOT; };
		5C15FF761CAAE9DD00B7E0CD /* ImageCollectionItem.swift */ = {isa = PBXFileReference; fileEncoding = 4; lastKnownFileType = sourcecode.swift; name = ImageCollectionItem.swift; path = PeekPan/Demo/ImageCollectionItem.swift; sourceTree = SOURCE_ROOT; };
		5C15FF771CAAE9DD00B7E0CD /* ImageTableItem.swift */ = {isa = PBXFileReference; fileEncoding = 4; lastKnownFileType = sourcecode.swift; name = ImageTableItem.swift; path = PeekPan/Demo/ImageTableItem.swift; sourceTree = SOURCE_ROOT; };
		5C15FF7A1CAAE9E900B7E0CD /* ImageCollectionCell.swift */ = {isa = PBXFileReference; fileEncoding = 4; lastKnownFileType = sourcecode.swift; name = ImageCollectionCell.swift; path = PeekPan/Demo/ImageCollectionCell.swift; sourceTree = SOURCE_ROOT; };
		5C15FF7B1CAAE9E900B7E0CD /* ImageTableViewCell.swift */ = {isa = PBXFileReference; fileEncoding = 4; lastKnownFileType = sourcecode.swift; name = ImageTableViewCell.swift; path = PeekPan/Demo/ImageTableViewCell.swift; sourceTree = SOURCE_ROOT; };
		5C15FF7E1CAAE9F700B7E0CD /* BaseCollectionViewController.swift */ = {isa = PBXFileReference; fileEncoding = 4; lastKnownFileType = sourcecode.swift; name = BaseCollectionViewController.swift; path = PeekPan/Demo/BaseCollectionViewController.swift; sourceTree = SOURCE_ROOT; };
		5C15FF7F1CAAE9F700B7E0CD /* ContentPreviewCollectionViewController.swift */ = {isa = PBXFileReference; fileEncoding = 4; lastKnownFileType = sourcecode.swift; name = ContentPreviewCollectionViewController.swift; path = PeekPan/Demo/ContentPreviewCollectionViewController.swift; sourceTree = SOURCE_ROOT; };
		5C15FF801CAAE9F700B7E0CD /* DemoViewController.swift */ = {isa = PBXFileReference; fileEncoding = 4; lastKnownFileType = sourcecode.swift; name = DemoViewController.swift; path = PeekPan/Demo/DemoViewController.swift; sourceTree = SOURCE_ROOT; };
		5C15FF811CAAE9F700B7E0CD /* ImageEditorController.swift */ = {isa = PBXFileReference; fileEncoding = 4; lastKnownFileType = sourcecode.swift; name = ImageEditorController.swift; path = PeekPan/Demo/ImageEditorController.swift; sourceTree = SOURCE_ROOT; };
		5C15FF821CAAE9F700B7E0CD /* ImageTableViewController.swift */ = {isa = PBXFileReference; fileEncoding = 4; lastKnownFileType = sourcecode.swift; name = ImageTableViewController.swift; path = PeekPan/Demo/ImageTableViewController.swift; sourceTree = SOURCE_ROOT; };
		5C15FF831CAAE9F700B7E0CD /* OnScreenCollectionViewController.swift */ = {isa = PBXFileReference; fileEncoding = 4; lastKnownFileType = sourcecode.swift; name = OnScreenCollectionViewController.swift; path = PeekPan/Demo/OnScreenCollectionViewController.swift; sourceTree = SOURCE_ROOT; };
		5C15FF8B1CAAEA0400B7E0CD /* PeekPanCoordinator.swift */ = {isa = PBXFileReference; fileEncoding = 4; lastKnownFileType = sourcecode.swift; name = PeekPanCoordinator.swift; path = PeekPan/PeekPan/PeekPanCoordinator.swift; sourceTree = SOURCE_ROOT; };
		5C15FF8C1CAAEA0400B7E0CD /* PeekPanGestureRecognizer.swift */ = {isa = PBXFileReference; fileEncoding = 4; lastKnownFileType = sourcecode.swift; name = PeekPanGestureRecognizer.swift; path = PeekPan/PeekPan/PeekPanGestureRecognizer.swift; sourceTree = SOURCE_ROOT; };
		5C15FF8D1CAAEA0400B7E0CD /* PeekPanViewController.swift */ = {isa = PBXFileReference; fileEncoding = 4; lastKnownFileType = sourcecode.swift; name = PeekPanViewController.swift; path = PeekPan/PeekPan/PeekPanViewController.swift; sourceTree = SOURCE_ROOT; };
		5C15FF911CAAEA1600B7E0CD /* Assets.xcassets */ = {isa = PBXFileReference; lastKnownFileType = folder.assetcatalog; name = Assets.xcassets; path = "PeekPan/Supporting FIles/Assets.xcassets"; sourceTree = SOURCE_ROOT; };
		5C15FF981CAAEAB300B7E0CD /* Base */ = {isa = PBXFileReference; lastKnownFileType = file.storyboard; name = Base; path = "PeekPan/Supporting FIles/Base.lproj/Main.storyboard"; sourceTree = SOURCE_ROOT; };
		5C15FF9A1CAAEB9900B7E0CD /* PeekPan-Bridging-Header.h */ = {isa = PBXFileReference; lastKnownFileType = sourcecode.c.h; name = "PeekPan-Bridging-Header.h"; path = "PeekPan/PeekPan/PeekPan-Bridging-Header.h"; sourceTree = SOURCE_ROOT; };
		5C7002601C6285A300E1C41B /* PeekPan.app */ = {isa = PBXFileReference; explicitFileType = wrapper.application; includeInIndex = 0; path = PeekPan.app; sourceTree = BUILT_PRODUCTS_DIR; };
/* End PBXFileReference section */

/* Begin PBXFrameworksBuildPhase section */
		5C70025D1C6285A300E1C41B /* Frameworks */ = {
			isa = PBXFrameworksBuildPhase;
			buildActionMask = 2147483647;
			files = (
			);
			runOnlyForDeploymentPostprocessing = 0;
		};
/* End PBXFrameworksBuildPhase section */

/* Begin PBXGroup section */
		5C7002571C6285A300E1C41B = {
			isa = PBXGroup;
			children = (
				5C7002621C6285A300E1C41B /* PeekPan */,
				5C7002611C6285A300E1C41B /* Products */,
			);
			sourceTree = "<group>";
		};
		5C7002611C6285A300E1C41B /* Products */ = {
			isa = PBXGroup;
			children = (
				5C7002601C6285A300E1C41B /* PeekPan.app */,
			);
			name = Products;
			sourceTree = "<group>";
		};
		5C7002621C6285A300E1C41B /* PeekPan */ = {
			isa = PBXGroup;
			children = (
				5C96826D1C6A9E2700D4AFFC /* Demo */,
				5C7002791C62873A00E1C41B /* PeekPan */,
				5C9682681C6A9DBF00D4AFFC /* Supporting Files */,
			);
			path = PeekPan;
			sourceTree = "<group>";
		};
		5C7002791C62873A00E1C41B /* PeekPan */ = {
			isa = PBXGroup;
			children = (
				5C15FF9A1CAAEB9900B7E0CD /* PeekPan-Bridging-Header.h */,
				5C15FF8B1CAAEA0400B7E0CD /* PeekPanCoordinator.swift */,
				5C15FF8C1CAAEA0400B7E0CD /* PeekPanGestureRecognizer.swift */,
				5C15FF8D1CAAEA0400B7E0CD /* PeekPanViewController.swift */,
			);
			name = PeekPan;
			sourceTree = "<group>";
		};
		5C7002821C62B63400E1C41B /* controller */ = {
			isa = PBXGroup;
			children = (
				5C15FF7E1CAAE9F700B7E0CD /* BaseCollectionViewController.swift */,
				5C15FF7F1CAAE9F700B7E0CD /* ContentPreviewCollectionViewController.swift */,
				5C15FF801CAAE9F700B7E0CD /* DemoViewController.swift */,
				5C15FF811CAAE9F700B7E0CD /* ImageEditorController.swift */,
				5C15FF821CAAE9F700B7E0CD /* ImageTableViewController.swift */,
				5C15FF831CAAE9F700B7E0CD /* OnScreenCollectionViewController.swift */,
			);
			name = controller;
			sourceTree = "<group>";
		};
		5C7002831C62B63A00E1C41B /* view */ = {
			isa = PBXGroup;
			children = (
				5C15FF7A1CAAE9E900B7E0CD /* ImageCollectionCell.swift */,
				5C15FF7B1CAAE9E900B7E0CD /* ImageTableViewCell.swift */,
			);
			name = view;
			sourceTree = "<group>";
		};
		5C9682681C6A9DBF00D4AFFC /* Supporting Files */ = {
			isa = PBXGroup;
			children = (
				5C15FF911CAAEA1600B7E0CD /* Assets.xcassets */,
				5C15FF971CAAEAB300B7E0CD /* Main.storyboard */,
			);
			name = "Supporting Files";
			sourceTree = "<group>";
		};
		5C96826D1C6A9E2700D4AFFC /* Demo */ = {
			isa = PBXGroup;
			children = (
				5C15FF721CAAE9C900B7E0CD /* AppDelegate.swift */,
				5C15FF731CAAE9C900B7E0CD /* Info.plist */,
				5CC183171C63A67400E12AD0 /* model */,
				5C7002831C62B63A00E1C41B /* view */,
				5C7002821C62B63400E1C41B /* controller */,
			);
			name = Demo;
			sourceTree = "<group>";
		};
		5CC183171C63A67400E12AD0 /* model */ = {
			isa = PBXGroup;
			children = (
				5C15FF761CAAE9DD00B7E0CD /* ImageCollectionItem.swift */,
				5C15FF771CAAE9DD00B7E0CD /* ImageTableItem.swift */,
			);
			name = model;
			sourceTree = "<group>";
		};
/* End PBXGroup section */

/* Begin PBXNativeTarget section */
		5C70025F1C6285A300E1C41B /* PeekPan */ = {
			isa = PBXNativeTarget;
			buildConfigurationList = 5C7002721C6285A300E1C41B /* Build configuration list for PBXNativeTarget "PeekPan" */;
			buildPhases = (
				5C70025C1C6285A300E1C41B /* Sources */,
				5C70025D1C6285A300E1C41B /* Frameworks */,
				5C70025E1C6285A300E1C41B /* Resources */,
			);
			buildRules = (
			);
			dependencies = (
			);
			name = PeekPan;
			productName = PeekPan;
			productReference = 5C7002601C6285A300E1C41B /* PeekPan.app */;
			productType = "com.apple.product-type.application";
		};
/* End PBXNativeTarget section */

/* Begin PBXProject section */
		5C7002581C6285A300E1C41B /* Project object */ = {
			isa = PBXProject;
			attributes = {
				LastSwiftUpdateCheck = 0720;
				LastUpgradeCheck = 0720;
				ORGANIZATIONNAME = behance;
				TargetAttributes = {
					5C70025F1C6285A300E1C41B = {
						CreatedOnToolsVersion = 7.2;
					};
				};
			};
			buildConfigurationList = 5C70025B1C6285A300E1C41B /* Build configuration list for PBXProject "PeekPan" */;
			compatibilityVersion = "Xcode 3.2";
			developmentRegion = English;
			hasScannedForEncodings = 0;
			knownRegions = (
				en,
				Base,
			);
			mainGroup = 5C7002571C6285A300E1C41B;
			productRefGroup = 5C7002611C6285A300E1C41B /* Products */;
			projectDirPath = "";
			projectRoot = "";
			targets = (
				5C70025F1C6285A300E1C41B /* PeekPan */,
			);
		};
/* End PBXProject section */

/* Begin PBXResourcesBuildPhase section */
		5C70025E1C6285A300E1C41B /* Resources */ = {
			isa = PBXResourcesBuildPhase;
			buildActionMask = 2147483647;
			files = (
				5C15FF9B1CAAEBFC00B7E0CD /* Main.storyboard in Resources */,
				5C15FF951CAAEA1600B7E0CD /* Assets.xcassets in Resources */,
			);
			runOnlyForDeploymentPostprocessing = 0;
		};
/* End PBXResourcesBuildPhase section */

/* Begin PBXSourcesBuildPhase section */
		5C70025C1C6285A300E1C41B /* Sources */ = {
			isa = PBXSourcesBuildPhase;
			buildActionMask = 2147483647;
			files = (
				5C15FF8E1CAAEA0400B7E0CD /* PeekPanCoordinator.swift in Sources */,
				5C15FF861CAAE9F700B7E0CD /* DemoViewController.swift in Sources */,
				5C15FF741CAAE9C900B7E0CD /* AppDelegate.swift in Sources */,
				5C15FF8F1CAAEA0400B7E0CD /* PeekPanGestureRecognizer.swift in Sources */,
				5C15FF901CAAEA0400B7E0CD /* PeekPanViewController.swift in Sources */,
				5C15FF7C1CAAE9E900B7E0CD /* ImageCollectionCell.swift in Sources */,
				5C15FF881CAAE9F700B7E0CD /* ImageTableViewController.swift in Sources */,
				5C15FF781CAAE9DD00B7E0CD /* ImageCollectionItem.swift in Sources */,
				5C15FF891CAAE9F700B7E0CD /* OnScreenCollectionViewController.swift in Sources */,
				5C15FF7D1CAAE9E900B7E0CD /* ImageTableViewCell.swift in Sources */,
				5C15FF791CAAE9DD00B7E0CD /* ImageTableItem.swift in Sources */,
				5C15FF871CAAE9F700B7E0CD /* ImageEditorController.swift in Sources */,
				5C15FF841CAAE9F700B7E0CD /* BaseCollectionViewController.swift in Sources */,
				5C15FF851CAAE9F700B7E0CD /* ContentPreviewCollectionViewController.swift in Sources */,
			);
			runOnlyForDeploymentPostprocessing = 0;
		};
/* End PBXSourcesBuildPhase section */

/* Begin PBXVariantGroup section */
		5C15FF971CAAEAB300B7E0CD /* Main.storyboard */ = {
			isa = PBXVariantGroup;
			children = (
				5C15FF981CAAEAB300B7E0CD /* Base */,
			);
			name = Main.storyboard;
			sourceTree = "<group>";
		};
/* End PBXVariantGroup section */

/* Begin XCBuildConfiguration section */
		5C7002701C6285A300E1C41B /* Debug */ = {
			isa = XCBuildConfiguration;
			buildSettings = {
				ALWAYS_SEARCH_USER_PATHS = NO;
				CLANG_CXX_LANGUAGE_STANDARD = "gnu++0x";
				CLANG_CXX_LIBRARY = "libc++";
				CLANG_ENABLE_MODULES = YES;
				CLANG_ENABLE_OBJC_ARC = YES;
				CLANG_WARN_BOOL_CONVERSION = YES;
				CLANG_WARN_CONSTANT_CONVERSION = YES;
				CLANG_WARN_DIRECT_OBJC_ISA_USAGE = YES_ERROR;
				CLANG_WARN_EMPTY_BODY = YES;
				CLANG_WARN_ENUM_CONVERSION = YES;
				CLANG_WARN_INT_CONVERSION = YES;
				CLANG_WARN_OBJC_ROOT_CLASS = YES_ERROR;
				CLANG_WARN_UNREACHABLE_CODE = YES;
				CLANG_WARN__DUPLICATE_METHOD_MATCH = YES;
				"CODE_SIGN_IDENTITY[sdk=iphoneos*]" = "iPhone Developer";
				COPY_PHASE_STRIP = NO;
				DEBUG_INFORMATION_FORMAT = dwarf;
				EMBEDDED_CONTENT_CONTAINS_SWIFT = YES;
				ENABLE_STRICT_OBJC_MSGSEND = YES;
				ENABLE_TESTABILITY = YES;
				GCC_C_LANGUAGE_STANDARD = gnu99;
				GCC_DYNAMIC_NO_PIC = NO;
				GCC_NO_COMMON_BLOCKS = YES;
				GCC_OPTIMIZATION_LEVEL = 0;
				GCC_PREPROCESSOR_DEFINITIONS = (
					"DEBUG=1",
					"$(inherited)",
				);
				GCC_WARN_64_TO_32_BIT_CONVERSION = YES;
				GCC_WARN_ABOUT_RETURN_TYPE = YES_ERROR;
				GCC_WARN_UNDECLARED_SELECTOR = YES;
				GCC_WARN_UNINITIALIZED_AUTOS = YES_AGGRESSIVE;
				GCC_WARN_UNUSED_FUNCTION = YES;
				GCC_WARN_UNUSED_VARIABLE = YES;
				IPHONEOS_DEPLOYMENT_TARGET = 8.0;
				MTL_ENABLE_DEBUG_INFO = YES;
				ONLY_ACTIVE_ARCH = YES;
				SDKROOT = iphoneos;
				SWIFT_OPTIMIZATION_LEVEL = "-Onone";
				TARGETED_DEVICE_FAMILY = "1,2";
			};
			name = Debug;
		};
		5C7002711C6285A300E1C41B /* Release */ = {
			isa = XCBuildConfiguration;
			buildSettings = {
				ALWAYS_SEARCH_USER_PATHS = NO;
				CLANG_CXX_LANGUAGE_STANDARD = "gnu++0x";
				CLANG_CXX_LIBRARY = "libc++";
				CLANG_ENABLE_MODULES = YES;
				CLANG_ENABLE_OBJC_ARC = YES;
				CLANG_WARN_BOOL_CONVERSION = YES;
				CLANG_WARN_CONSTANT_CONVERSION = YES;
				CLANG_WARN_DIRECT_OBJC_ISA_USAGE = YES_ERROR;
				CLANG_WARN_EMPTY_BODY = YES;
				CLANG_WARN_ENUM_CONVERSION = YES;
				CLANG_WARN_INT_CONVERSION = YES;
				CLANG_WARN_OBJC_ROOT_CLASS = YES_ERROR;
				CLANG_WARN_UNREACHABLE_CODE = YES;
				CLANG_WARN__DUPLICATE_METHOD_MATCH = YES;
				"CODE_SIGN_IDENTITY[sdk=iphoneos*]" = "iPhone Developer";
				COPY_PHASE_STRIP = NO;
				DEBUG_INFORMATION_FORMAT = "dwarf-with-dsym";
				EMBEDDED_CONTENT_CONTAINS_SWIFT = YES;
				ENABLE_NS_ASSERTIONS = NO;
				ENABLE_STRICT_OBJC_MSGSEND = YES;
				GCC_C_LANGUAGE_STANDARD = gnu99;
				GCC_NO_COMMON_BLOCKS = YES;
				GCC_WARN_64_TO_32_BIT_CONVERSION = YES;
				GCC_WARN_ABOUT_RETURN_TYPE = YES_ERROR;
				GCC_WARN_UNDECLARED_SELECTOR = YES;
				GCC_WARN_UNINITIALIZED_AUTOS = YES_AGGRESSIVE;
				GCC_WARN_UNUSED_FUNCTION = YES;
				GCC_WARN_UNUSED_VARIABLE = YES;
				IPHONEOS_DEPLOYMENT_TARGET = 8.0;
				MTL_ENABLE_DEBUG_INFO = NO;
				SDKROOT = iphoneos;
				TARGETED_DEVICE_FAMILY = "1,2";
				VALIDATE_PRODUCT = YES;
			};
			name = Release;
		};
		5C7002731C6285A300E1C41B /* Debug */ = {
			isa = XCBuildConfiguration;
			buildSettings = {
				ASSETCATALOG_COMPILER_APPICON_NAME = AppIcon;
				ASSETCATALOG_COMPILER_LAUNCHIMAGE_NAME = "Brand Assets";
				CLANG_ENABLE_MODULES = YES;
				CODE_SIGN_IDENTITY = "iPhone Developer";
				EMBEDDED_CONTENT_CONTAINS_SWIFT = YES;
				INFOPLIST_FILE = "$(SRCROOT)/PeekPan/Demo/Info.plist";
				IPHONEOS_DEPLOYMENT_TARGET = 8.0;
				LD_RUNPATH_SEARCH_PATHS = "$(inherited) @executable_path/Frameworks";
				PRODUCT_BUNDLE_IDENTIFIER = com.behance.PeekPan;
				PRODUCT_NAME = PeekPan;
				SWIFT_OBJC_BRIDGING_HEADER = "PeekPan/PeekPan/$(PRODUCT_NAME)-Bridging-Header.h";
				SWIFT_OPTIMIZATION_LEVEL = "-Onone";
			};
			name = Debug;
		};
		5C7002741C6285A300E1C41B /* Release */ = {
			isa = XCBuildConfiguration;
			buildSettings = {
				ASSETCATALOG_COMPILER_APPICON_NAME = AppIcon;
				ASSETCATALOG_COMPILER_LAUNCHIMAGE_NAME = "Brand Assets";
				CLANG_ENABLE_MODULES = YES;
				CODE_SIGN_IDENTITY = "iPhone Developer";
				EMBEDDED_CONTENT_CONTAINS_SWIFT = YES;
				INFOPLIST_FILE = "$(SRCROOT)/PeekPan/Demo/Info.plist";
				IPHONEOS_DEPLOYMENT_TARGET = 8.0;
				LD_RUNPATH_SEARCH_PATHS = "$(inherited) @executable_path/Frameworks";
				PRODUCT_BUNDLE_IDENTIFIER = com.behance.PeekPan;
				PRODUCT_NAME = PeekPan;
				SWIFT_OBJC_BRIDGING_HEADER = "PeekPan/PeekPan/$(PRODUCT_NAME)-Bridging-Header.h";
			};
			name = Release;
		};
/* End XCBuildConfiguration section */

/* Begin XCConfigurationList section */
		5C70025B1C6285A300E1C41B /* Build configuration list for PBXProject "PeekPan" */ = {
			isa = XCConfigurationList;
			buildConfigurations = (
				5C7002701C6285A300E1C41B /* Debug */,
				5C7002711C6285A300E1C41B /* Release */,
			);
			defaultConfigurationIsVisible = 0;
			defaultConfigurationName = Release;
		};
		5C7002721C6285A300E1C41B /* Build configuration list for PBXNativeTarget "PeekPan" */ = {
			isa = XCConfigurationList;
			buildConfigurations = (
				5C7002731C6285A300E1C41B /* Debug */,
				5C7002741C6285A300E1C41B /* Release */,
			);
			defaultConfigurationIsVisible = 0;
			defaultConfigurationName = Release;
		};
/* End XCConfigurationList section */
	};
	rootObject = 5C7002581C6285A300E1C41B /* Project object */;
}
